{
  "name": "alchemist-bar",
  "version": "2.4.1",
  "lockfileVersion": 2,
  "requires": true,
  "packages": {
    "": {
      "name": "alchemist-bar",
      "version": "2.4.1",
      "hasInstallScript": true,
      "license": "ISC",
      "engines": {
        "node": "16.x",
        "npm": "9.6.7"
      }
    }
  }
}
